github.com/iamlucif3r/trikal v0.0.0-20250728162333-c1520001d177 h1:1wOql9AM5i9K65qlLLDOiurD3GZp4CeJ7JXcttw0sj4=
github.com/iamlucif3r/trikal v0.0.0-20250728162333-c1520001d177/go.mod h1:wS1O686T3cZqu4o7sVSoOxGzHSjekn8ONmS4trKu+jg=
github.com/joho/godotenv v1.5.1 h1:7eLL/+HRGLY0ldzfGMeQkb7vMd0as4CfYvUVzLqw0N0=
github.com/joho/godotenv v1.5.1/go.mod h1:f4LDr5Voq0i2e/R5DDNOoa2zzDfwtkZa6DnEwAbqwq4=
github.com/lib/pq v1.10.9 h1:YXG7RB+JIjhP29X+OtkiDnYaXQwpS4JEWq7dtCCRUEw=
github.com/lib/pq v1.10.9/go.mod h1:AlVN5x4E4T544tWzH6hKfbfQvm3HdbOxrmggDNAPY9o=
